
Microsoft Visual Studio Solution File, Format Version 12.00
# Visual Studio Version 17
VisualStudioVersion = 17.8.34330.188
MinimumVisualStudioVersion = 10.0.40219.1
Project("{FAE04EC0-301F-11D3-BF4B-00C04F79EFBC}") = "DataType_Study", "DataType_Study.csproj", "{04AF37F5-7F16-4ACE-9AF0-CDB4B2A1A122}"
EndProject
Global
	GlobalSection(SolutionConfigurationPlatforms) = preSolution
		Debug|Any CPU = Debug|Any CPU
		Release|Any CPU = Release|Any CPU
	EndGlobalSection
	GlobalSection(ProjectConfigurationPlatforms) = postSolution
		{04AF37F5-7F16-4ACE-9AF0-CDB4B2A1A122}.Debug|Any CPU.ActiveCfg = Debug|Any CPU
		{04AF37F5-7F16-4ACE-9AF0-CDB4B2A1A122}.Debug|Any CPU.Build.0 = Debug|Any CPU
		{04AF37F5-7F16-4ACE-9AF0-CDB4B2A1A122}.Release|Any CPU.ActiveCfg = Release|Any CPU
		{04AF37F5-7F16-4ACE-9AF0-CDB4B2A1A122}.Release|Any CPU.Build.0 = Release|Any CPU
	EndGlobalSection
	GlobalSection(SolutionProperties) = preSolution
		HideSolutionNode = FALSE
	EndGlobalSection
	GlobalSection(ExtensibilityGlobals) = postSolution
		SolutionGuid = {EE46A16D-FEEC-4879-9509-9F9EE35F443B}
	EndGlobalSection
EndGlobal
