
Microsoft Visual Studio Solution File, Format Version 12.00
# Visual Studio Version 17
VisualStudioVersion = 17.8.34330.188
MinimumVisualStudioVersion = 10.0.40219.1
Project("{FAE04EC0-301F-11D3-BF4B-00C04F79EFBC}") = "Queue_Stack", "Queue_Stack.csproj", "{D01D5E57-C58E-4CDC-8002-560CBD7DB46C}"
EndProject
Global
	GlobalSection(SolutionConfigurationPlatforms) = preSolution
		Debug|Any CPU = Debug|Any CPU
		Release|Any CPU = Release|Any CPU
	EndGlobalSection
	GlobalSection(ProjectConfigurationPlatforms) = postSolution
		{D01D5E57-C58E-4CDC-8002-560CBD7DB46C}.Debug|Any CPU.ActiveCfg = Debug|Any CPU
		{D01D5E57-C58E-4CDC-8002-560CBD7DB46C}.Debug|Any CPU.Build.0 = Debug|Any CPU
		{D01D5E57-C58E-4CDC-8002-560CBD7DB46C}.Release|Any CPU.ActiveCfg = Release|Any CPU
		{D01D5E57-C58E-4CDC-8002-560CBD7DB46C}.Release|Any CPU.Build.0 = Release|Any CPU
	EndGlobalSection
	GlobalSection(SolutionProperties) = preSolution
		HideSolutionNode = FALSE
	EndGlobalSection
	GlobalSection(ExtensibilityGlobals) = postSolution
		SolutionGuid = {478FAD7D-BB6E-4604-BDA0-4A5509297759}
	EndGlobalSection
EndGlobal
